{
  "originHash" : "ed46678cec9a012eb67402c654df691f4af78815062881956951d679b509ec26",
  "pins" : [
    {
      "identity" : "swiftsoup",
      "kind" : "remoteSourceControl",
      "location" : "https://github.com/scinfu/SwiftSoup.git",
      "state" : {
        "revision" : "dee225a3da7b68d34936abc4dc8f34f2264db647",
        "version" : "2.9.6"
      }
    },
    {
      "identity" : "swiftui-introspect",
      "kind" : "remoteSourceControl",
      "location" : "https://github.com/siteline/swiftui-introspect.git",
      "state" : {
        "revision" : "dd0888ef99d2809863b04e46cad52d1dfd8fc840",
        "version" : "26.0.2"
      }
    }
  ],
  "version" : 3
}
