{
  "originHash" : "4f082dc4996ed17857ef7c6f5a808457791e625a2bf89da11e1a03b3055550c9",
  "pins" : [
    {
      "identity" : "swiftui-introspect",
      "kind" : "remoteSourceControl",
      "location" : "https://github.com/siteline/swiftui-introspect.git",
      "state" : {
        "revision" : "dd0888ef99d2809863b04e46cad52d1dfd8fc840",
        "version" : "26.0.2"
      }
    }
  ],
  "version" : 3
}
