// !$*UTF8*$!
{ archiveVersion = 1; classes = {}; objectVersion = 56; objects = {
CCAA00000000000000000001 = { isa = PBXFileReference; lastKnownFileType = image.icns; path = "Resources/Beacon.icns"; sourceTree = SOURCE_ROOT; };
CCAA00000000000000000002 = { isa = PBXBuildFile; fileRef = CCAA00000000000000000001; };
CCAA00000000000000000003 = { isa = PBXResourcesBuildPhase; buildActionMask = 2147483647; files = (CCAA00000000000000000002,); runOnlyForDeploymentPostprocessing = 0; };
BBCC00000000000000000001 = { isa = PBXFileReference; lastKnownFileType = sourcecode.swift; path = "Sources/BeaconApp/SwiftcnComponents.swift"; sourceTree = SOURCE_ROOT; };
BBCC00000000000000000002 = { isa = PBXBuildFile; fileRef = BBCC00000000000000000001; };
45C69FF53CF85C2165A18543 = { isa = PBXFileReference; lastKnownFileType = sourcecode.swift; path = "Sources/BeaconApp/BeaconApp.swift"; sourceTree = SOURCE_ROOT; };
61265A67082C045614D50E3B = { isa = PBXBuildFile; fileRef = 45C69FF53CF85C2165A18543; };
6D461648231DF1038D1C1EA9 = { isa = PBXFileReference; lastKnownFileType = sourcecode.swift; path = "Sources/BeaconApp/BeaconIntents.swift"; sourceTree = SOURCE_ROOT; };
8CDAEC248658EF68DDB14806 = { isa = PBXBuildFile; fileRef = 6D461648231DF1038D1C1EA9; };
3E10FFC3AF46D90B93583348 = { isa = PBXFileReference; lastKnownFileType = sourcecode.swift; path = "Sources/BeaconApp/CalendarModel.swift"; sourceTree = SOURCE_ROOT; };
36BD3978D0245C806F3092B7 = { isa = PBXBuildFile; fileRef = 3E10FFC3AF46D90B93583348; };
7F1D07CB34967991A3E1770C = { isa = PBXFileReference; lastKnownFileType = sourcecode.swift; path = "Sources/BeaconApp/CalendarViews.swift"; sourceTree = SOURCE_ROOT; };
5FB65ADF01FBD3D1CDD6967A = { isa = PBXBuildFile; fileRef = 7F1D07CB34967991A3E1770C; };
867C22077BE592830E1A172F = { isa = PBXFileReference; lastKnownFileType = sourcecode.swift; path = "Sources/BeaconApp/Design.swift"; sourceTree = SOURCE_ROOT; };
182EA626E1D63B975B4BF427 = { isa = PBXBuildFile; fileRef = 867C22077BE592830E1A172F; };
0926E63A51A097C51938B26F = { isa = PBXFileReference; lastKnownFileType = sourcecode.swift; path = "Sources/BeaconApp/E2ECheck.swift"; sourceTree = SOURCE_ROOT; };
D6DB377B932C9624004E58C2 = { isa = PBXBuildFile; fileRef = 0926E63A51A097C51938B26F; };
90E7BB64F9C7C30D23B39EB0 = { isa = PBXFileReference; lastKnownFileType = sourcecode.swift; path = "Sources/BeaconApp/NotificationDelegate.swift"; sourceTree = SOURCE_ROOT; };
47D5C2A3F84B7AA39814477C = { isa = PBXBuildFile; fileRef = 90E7BB64F9C7C30D23B39EB0; };
1FB4032E97F5CF8AD7F8123B = { isa = PBXFileReference; lastKnownFileType = sourcecode.swift; path = "Sources/BeaconApp/RepeatCard.swift"; sourceTree = SOURCE_ROOT; };
3348E382A5C6CAB1738DA276 = { isa = PBXBuildFile; fileRef = 1FB4032E97F5CF8AD7F8123B; };
781809C77F08F921CAEF1F81 = { isa = PBXFileReference; lastKnownFileType = sourcecode.swift; path = "Sources/BeaconApp/ScheduleView.swift"; sourceTree = SOURCE_ROOT; };
252F499D5262E7D14FE9E752 = { isa = PBXBuildFile; fileRef = 781809C77F08F921CAEF1F81; };
A2FA5F4F5D336DC8ECDF4BC3 = { isa = PBXFileReference; lastKnownFileType = sourcecode.swift; path = "Sources/BeaconApp/SettingsView.swift"; sourceTree = SOURCE_ROOT; };
289C8D3C22097DA2A314830F = { isa = PBXBuildFile; fileRef = A2FA5F4F5D336DC8ECDF4BC3; };
9DB56CB02AF4F73EE685A538 = { isa = PBXFileReference; lastKnownFileType = sourcecode.swift; path = "Sources/BeaconApp/SystemDictation.swift"; sourceTree = SOURCE_ROOT; };
396264029439C05B4B5E1AF4 = { isa = PBXBuildFile; fileRef = 9DB56CB02AF4F73EE685A538; };
84AE7788C21A027E06FFE92E = { isa = PBXFileReference; lastKnownFileType = sourcecode.swift; path = "Sources/BeaconApp/TaskEditor.swift"; sourceTree = SOURCE_ROOT; };
4AC7B181ED966F5DF12224D3 = { isa = PBXBuildFile; fileRef = 84AE7788C21A027E06FFE92E; };
BD36FDED22C2672E2F25D46F = { isa = PBXFileReference; lastKnownFileType = sourcecode.swift; path = "Sources/BeaconApp/TaskListModel.swift"; sourceTree = SOURCE_ROOT; };
ABE1A7C8963FA0A078A4FD0A = { isa = PBXBuildFile; fileRef = BD36FDED22C2672E2F25D46F; };
4C3EBF1B47DB865FE9B2C737 = { isa = PBXFileReference; lastKnownFileType = sourcecode.swift; path = "Sources/BeaconApp/TaskListView.swift"; sourceTree = SOURCE_ROOT; };
D56AECF8F200BB20A214050B = { isa = PBXBuildFile; fileRef = 4C3EBF1B47DB865FE9B2C737; };
38A007151ABE87CC01A5B6E9 = { isa = PBXFileReference; explicitFileType = wrapper.application; path = Beacon.app; sourceTree = BUILT_PRODUCTS_DIR; };
FBDC4F23F93125BBEEAE800C = { isa = PBXGroup; children = (38A007151ABE87CC01A5B6E9,); name = Products; sourceTree = "<group>"; };
64292B1C2B2E13EAD8788FC8 = { isa = PBXGroup; children = (CCAA00000000000000000001,BBCC00000000000000000001, 45C69FF53CF85C2165A18543, 6D461648231DF1038D1C1EA9, 3E10FFC3AF46D90B93583348, 7F1D07CB34967991A3E1770C, 867C22077BE592830E1A172F, 0926E63A51A097C51938B26F, 90E7BB64F9C7C30D23B39EB0, 1FB4032E97F5CF8AD7F8123B, 781809C77F08F921CAEF1F81, A2FA5F4F5D336DC8ECDF4BC3, 9DB56CB02AF4F73EE685A538, 84AE7788C21A027E06FFE92E, BD36FDED22C2672E2F25D46F, 4C3EBF1B47DB865FE9B2C737, FBDC4F23F93125BBEEAE800C,); sourceTree = "<group>"; };
BCE16DD0260827ECF338C787 = { isa = PBXSourcesBuildPhase; buildActionMask = 2147483647; files = (BBCC00000000000000000002, 61265A67082C045614D50E3B, 8CDAEC248658EF68DDB14806, 36BD3978D0245C806F3092B7, 5FB65ADF01FBD3D1CDD6967A, 182EA626E1D63B975B4BF427, D6DB377B932C9624004E58C2, 47D5C2A3F84B7AA39814477C, 3348E382A5C6CAB1738DA276, 252F499D5262E7D14FE9E752, 289C8D3C22097DA2A314830F, 396264029439C05B4B5E1AF4, 4AC7B181ED966F5DF12224D3, ABE1A7C8963FA0A078A4FD0A, D56AECF8F200BB20A214050B,); runOnlyForDeploymentPostprocessing = 0; };
AABB00000000000000000001 = { isa = XCRemoteSwiftPackageReference; repositoryURL = "https://github.com/siteline/swiftui-introspect.git"; requirement = { kind = exactVersion; version = 26.0.2; }; };
AABB00000000000000000002 = { isa = XCSwiftPackageProductDependency; package = AABB00000000000000000001; productName = SwiftUIIntrospect; };
AABB00000000000000000003 = { isa = PBXBuildFile; productRef = AABB00000000000000000002; };
582681C2EAE02B3F3D399C0C = { isa = XCLocalSwiftPackageReference; relativePath = .; };
B17EB192F8D22D50442F606B = { isa = XCSwiftPackageProductDependency; package = 582681C2EAE02B3F3D399C0C; productName = BeaconKit; };
4D3F4ADE2C3B81A28ABA956F = { isa = PBXBuildFile; productRef = B17EB192F8D22D50442F606B; };
7561BFB015D8F536760CB671 = { isa = PBXFrameworksBuildPhase; buildActionMask = 2147483647; files = (4D3F4ADE2C3B81A28ABA956F, AABB00000000000000000003,); runOnlyForDeploymentPostprocessing = 0; };
89E1FD6268CC0F221A2BE178 = { isa = XCBuildConfiguration; name = Debug; buildSettings = { SDKROOT = macosx; MACOSX_DEPLOYMENT_TARGET = 26.0; SWIFT_VERSION = 6.0; CLANG_ENABLE_MODULES = YES; }; };
E9B2E96ABC5F6856F2BE79CF = { isa = XCBuildConfiguration; name = Debug; buildSettings = {
PRODUCT_BUNDLE_IDENTIFIER = dev.dylan.beacon; PRODUCT_NAME = Beacon; PRODUCT_MODULE_NAME = BeaconApp;
INFOPLIST_FILE = Resources/Info.plist; GENERATE_INFOPLIST_FILE = NO;
CODE_SIGN_STYLE = Automatic; SWIFT_VERSION = 6.0; MACOSX_DEPLOYMENT_TARGET = 26.0;
SWIFT_OPTIMIZATION_LEVEL = "-Onone";
ENABLE_APP_SANDBOX = NO; ENABLE_HARDENED_RUNTIME = NO;
LD_RUNPATH_SEARCH_PATHS = "$(inherited) @executable_path/../Frameworks";
}; };
E6DE6C99132752C914FEF632 = { isa = XCBuildConfiguration; name = Release; buildSettings = { SDKROOT = macosx; MACOSX_DEPLOYMENT_TARGET = 26.0; SWIFT_VERSION = 6.0; CLANG_ENABLE_MODULES = YES; }; };
5A8C91857F674E16E2724F47 = { isa = XCBuildConfiguration; name = Release; buildSettings = {
PRODUCT_BUNDLE_IDENTIFIER = dev.dylan.beacon; PRODUCT_NAME = Beacon; PRODUCT_MODULE_NAME = BeaconApp;
INFOPLIST_FILE = Resources/Info.plist; GENERATE_INFOPLIST_FILE = NO;
CODE_SIGN_STYLE = Automatic; SWIFT_VERSION = 6.0; MACOSX_DEPLOYMENT_TARGET = 26.0;
SWIFT_OPTIMIZATION_LEVEL = "-O";
ENABLE_APP_SANDBOX = NO; ENABLE_HARDENED_RUNTIME = NO;
LD_RUNPATH_SEARCH_PATHS = "$(inherited) @executable_path/../Frameworks";
}; };
862894B703A6DEDF96A9DD6C = { isa = XCConfigurationList; buildConfigurations = (89E1FD6268CC0F221A2BE178, E6DE6C99132752C914FEF632,); defaultConfigurationIsVisible = 0; defaultConfigurationName = Release; };
F37922C48DA5978D02C9E50E = { isa = XCConfigurationList; buildConfigurations = (E9B2E96ABC5F6856F2BE79CF, 5A8C91857F674E16E2724F47,); defaultConfigurationIsVisible = 0; defaultConfigurationName = Release; };
0E8A3AD980EC179856012B7E = { isa = PBXNativeTarget; name = BeaconMac; productName = Beacon; productType = "com.apple.product-type.application"; productReference = 38A007151ABE87CC01A5B6E9; buildConfigurationList = F37922C48DA5978D02C9E50E; buildPhases = (CCAA00000000000000000003, BCE16DD0260827ECF338C787, 7561BFB015D8F536760CB671,); buildRules = (); dependencies = (); packageProductDependencies = (B17EB192F8D22D50442F606B, AABB00000000000000000002,); };
98F54143AB4E86B28C3AFEE0 = { isa = PBXProject; attributes = { LastUpgradeCheck = 2660; }; buildConfigurationList = 862894B703A6DEDF96A9DD6C; compatibilityVersion = "Xcode 14.0"; developmentRegion = en; knownRegions = (en, Base); mainGroup = 64292B1C2B2E13EAD8788FC8; productRefGroup = FBDC4F23F93125BBEEAE800C; projectDirPath = ""; projectRoot = ""; targets = (0E8A3AD980EC179856012B7E,); packageReferences = (582681C2EAE02B3F3D399C0C, AABB00000000000000000001,); };
}; rootObject = 98F54143AB4E86B28C3AFEE0; }
